{
  "name": "worker",
  "version": "1.0.0",
  "lockfileVersion": 3,
  "requires": true,
  "packages": {
    "": {
      "name": "worker",
      "version": "1.0.0",
      "license": "ISC",
      "dependencies": {
        "@neondatabase/serverless": "^1.1.0",
        "bcryptjs": "^3.0.3",
        "csv-parse": "^7.0.0",
        "hono": "^4.12.27",
        "jose": "^6.2.3",
        "zod": "^4.4.3"
      },
      "devDependencies": {
        "@cloudflare/workers-types": "^4.20260702.1"
      }
    },
    "node_modules/@cloudflare/workers-types": {
      "version": "4.20260702.1",
      "resolved": "https://registry.npmmirror.com/@cloudflare/workers-types/-/workers-types-4.20260702.1.tgz",
      "integrity": "sha512-mOhf5TUEB1m2vPrxtqoIGfz0fUC9xyxRDx5gWHy5s+OCo6dcV+g7wI1R7gYCMFohhqF/2y2xeKVwMwCJjfn/WA==",
      "dev": true,
      "license": "MIT OR Apache-2.0"
    },
    "node_modules/@neondatabase/serverless": {
      "version": "1.1.0",
      "resolved": "https://registry.npmmirror.com/@neondatabase/serverless/-/serverless-1.1.0.tgz",
      "integrity": "sha512-r3ZZhRjEcfEdKIZnoB1RusNgvHuaBRqfCzV4Gi+5A9yUX0S4HTws/ASWqt13wL4y4I+0rqsWGdA2w7EQXHi3+Q==",
      "license": "MIT",
      "engines": {
        "node": ">=19.0.0"
      }
    },
    "node_modules/bcryptjs": {
      "version": "3.0.3",
      "resolved": "https://registry.npmmirror.com/bcryptjs/-/bcryptjs-3.0.3.tgz",
      "integrity": "sha512-GlF5wPWnSa/X5LKM1o0wz0suXIINz1iHRLvTS+sLyi7XPbe5ycmYI3DlZqVGZZtDgl4DmasFg7gOB3JYbphV5g==",
      "license": "BSD-3-Clause",
      "bin": {
        "bcrypt": "bin/bcrypt"
      }
    },
    "node_modules/csv-parse": {
      "version": "7.0.0",
      "resolved": "https://registry.npmmirror.com/csv-parse/-/csv-parse-7.0.0.tgz",
      "integrity": "sha512-CSssqPAK5us09FhMI9juM0jnqXUJP+rtWeIfivTYBLNH/8rnxkQlZvoRemF6MAyfNov9XU8mN2wwF/pP68sxTA==",
      "license": "MIT"
    },
    "node_modules/hono": {
      "version": "4.12.27",
      "resolved": "https://registry.npmmirror.com/hono/-/hono-4.12.27.tgz",
      "integrity": "sha512-1yrb/+w6HWQJrUCLkJ2IF5jNIPvvFkblV5RNOYl6bV+OA6p9GLcMpHFFGTosSvHvcAUibuUukRqhlYI4z32C7Q==",
      "license": "MIT",
      "engines": {
        "node": ">=16.9.0"
      }
    },
    "node_modules/jose": {
      "version": "6.2.3",
      "resolved": "https://registry.npmmirror.com/jose/-/jose-6.2.3.tgz",
      "integrity": "sha512-YYVDInQKFJfR/xa3ojUTl8c2KoTwiL1R5Wg9YCydwH0x0B9grbzlg5HC7mMjCtUJjbQ/YnGEZIhI5tCgfTb4Hw==",
      "license": "MIT",
      "funding": {
        "url": "https://github.com/sponsors/panva"
      }
    },
    "node_modules/zod": {
      "version": "4.4.3",
      "resolved": "https://registry.npmmirror.com/zod/-/zod-4.4.3.tgz",
      "integrity": "sha512-ytENFjIJFl2UwYglde2jchW2Hwm4GJFLDiSXWdTrJQBIN9Fcyp7n4DhxJEiWNAJMV1/BqWfW/kkg71UDcHJyTQ==",
      "license": "MIT",
      "funding": {
        "url": "https://github.com/sponsors/colinhacks"
      }
    }
  }
}
